// !$*UTF8*$!
{
	archiveVersion = 1;
	classes = {
	};
	objectVersion = 50;
	objects = {

/* Begin PBXBuildFile section */
		1ECA05082654620500DD1DE5 /* AppDelegate.swift in Sources */ = {isa = PBXBuildFile; fileRef = 1ECA05072654620500DD1DE5 /* AppDelegate.swift */; };
		1ECA050A2654620500DD1DE5 /* SceneDelegate.swift in Sources */ = {isa = PBXBuildFile; fileRef = 1ECA05092654620500DD1DE5 /* SceneDelegate.swift */; };
		1ECA050C2654620500DD1DE5 /* ViewController.swift in Sources */ = {isa = PBXBuildFile; fileRef = 1ECA050B2654620500DD1DE5 /* ViewController.swift */; };
		1ECA050F2654620500DD1DE5 /* Main.storyboard in Resources */ = {isa = PBXBuildFile; fileRef = 1ECA050D2654620500DD1DE5 /* Main.storyboard */; };
		1ECA05112654620800DD1DE5 /* Assets.xcassets in Resources */ = {isa = PBXBuildFile; fileRef = 1ECA05102654620800DD1DE5 /* Assets.xcassets */; };
		1ECA05142654620800DD1DE5 /* LaunchScreen.storyboard in Resources */ = {isa = PBXBuildFile; fileRef = 1ECA05122654620800DD1DE5 /* LaunchScreen.storyboard */; };
		1ECA051F2654620800DD1DE5 /* RestaurantMenuTests.swift in Sources */ = {isa = PBXBuildFile; fileRef = 1ECA051E2654620800DD1DE5 /* RestaurantMenuTests.swift */; };
		1ECA052A2654620800DD1DE5 /* RestaurantMenuUITests.swift in Sources */ = {isa = PBXBuildFile; fileRef = 1ECA05292654620800DD1DE5 /* RestaurantMenuUITests.swift */; };
		1ECA0540265466E500DD1DE5 /* CategoriesListViewController.swift in Sources */ = {isa = PBXBuildFile; fileRef = 1ECA053F265466E500DD1DE5 /* CategoriesListViewController.swift */; };
		1ECA05462654689300DD1DE5 /* BaseViewModel.swift in Sources */ = {isa = PBXBuildFile; fileRef = 1ECA05452654689300DD1DE5 /* BaseViewModel.swift */; };
		1ECA054E265468C800DD1DE5 /* Dynamic.swift in Sources */ = {isa = PBXBuildFile; fileRef = 1ECA054D265468C800DD1DE5 /* Dynamic.swift */; };
		1ECA05542654691F00DD1DE5 /* ViewControllerExtension.swift in Sources */ = {isa = PBXBuildFile; fileRef = 1ECA05532654691F00DD1DE5 /* ViewControllerExtension.swift */; };
		1ECA05592654695400DD1DE5 /* CategoriesListViewModel.swift in Sources */ = {isa = PBXBuildFile; fileRef = 1ECA05582654695400DD1DE5 /* CategoriesListViewModel.swift */; };
		1ECA055F265469C500DD1DE5 /* MenuRepo.swift in Sources */ = {isa = PBXBuildFile; fileRef = 1ECA055E265469C500DD1DE5 /* MenuRepo.swift */; };
		1ECA05662654710600DD1DE5 /* RestaurantMenu.swift in Sources */ = {isa = PBXBuildFile; fileRef = 1ECA05652654710600DD1DE5 /* RestaurantMenu.swift */; };
		1ECA056E2654714300DD1DE5 /* RestaurantInfo.swift in Sources */ = {isa = PBXBuildFile; fileRef = 1ECA056D2654714300DD1DE5 /* RestaurantInfo.swift */; };
		1ECA0573265471FA00DD1DE5 /* Category.swift in Sources */ = {isa = PBXBuildFile; fileRef = 1ECA0572265471FA00DD1DE5 /* Category.swift */; };
		1ECA0578265472C100DD1DE5 /* NetworkError.swift in Sources */ = {isa = PBXBuildFile; fileRef = 1ECA0577265472C100DD1DE5 /* NetworkError.swift */; };
		1ECA057D2654761A00DD1DE5 /* restaurant-menu.json in Resources */ = {isa = PBXBuildFile; fileRef = 1ECA057C2654761A00DD1DE5 /* restaurant-menu.json */; };
		1ECA058526547E1900DD1DE5 /* ActivityIndicatorExtension.swift in Sources */ = {isa = PBXBuildFile; fileRef = 1ECA058426547E1900DD1DE5 /* ActivityIndicatorExtension.swift */; };
		1ECA058A26547E5600DD1DE5 /* CategoryTableCell.swift in Sources */ = {isa = PBXBuildFile; fileRef = 1ECA058926547E5600DD1DE5 /* CategoryTableCell.swift */; };
		1ECA05BA2654C53700DD1DE5 /* CategoryDetailsViewController.swift in Sources */ = {isa = PBXBuildFile; fileRef = 1ECA05B92654C53700DD1DE5 /* CategoryDetailsViewController.swift */; };
		1ECA05BF2654C55700DD1DE5 /* MenuItemTableCell.swift in Sources */ = {isa = PBXBuildFile; fileRef = 1ECA05BE2654C55700DD1DE5 /* MenuItemTableCell.swift */; };
		1ECA05C42654C78100DD1DE5 /* StoryBoardsIDs.swift in Sources */ = {isa = PBXBuildFile; fileRef = 1ECA05C32654C78100DD1DE5 /* StoryBoardsIDs.swift */; };
		1ECA05C92654C87300DD1DE5 /* CategoryDetailsViewModel.swift in Sources */ = {isa = PBXBuildFile; fileRef = 1ECA05C82654C87300DD1DE5 /* CategoryDetailsViewModel.swift */; };
		1ECA05FA2654C9F100DD1DE5 /* Cart.swift in Sources */ = {isa = PBXBuildFile; fileRef = 1ECA05F92654C9F100DD1DE5 /* Cart.swift */; };
		1ECA06022654CBCD00DD1DE5 /* UserDefaultsExtension.swift in Sources */ = {isa = PBXBuildFile; fileRef = 1ECA06012654CBCD00DD1DE5 /* UserDefaultsExtension.swift */; };
		1ECA060B2654CF0500DD1DE5 /* MenuItemTableCell.xib in Resources */ = {isa = PBXBuildFile; fileRef = 1ECA060A2654CF0500DD1DE5 /* MenuItemTableCell.xib */; };
		1ECA06112654D0FA00DD1DE5 /* Cart.storyboard in Resources */ = {isa = PBXBuildFile; fileRef = 1ECA06102654D0FA00DD1DE5 /* Cart.storyboard */; };
		1ECA06172654D14300DD1DE5 /* CartDetailsViewController.swift in Sources */ = {isa = PBXBuildFile; fileRef = 1ECA06162654D14300DD1DE5 /* CartDetailsViewController.swift */; };
		1ECA061F2654D32600DD1DE5 /* CartTableViewCell.swift in Sources */ = {isa = PBXBuildFile; fileRef = 1ECA061E2654D32600DD1DE5 /* CartTableViewCell.swift */; };
		1ECA06242654D75D00DD1DE5 /* UIViewExtension.swift in Sources */ = {isa = PBXBuildFile; fileRef = 1ECA06232654D75D00DD1DE5 /* UIViewExtension.swift */; };
		1ED7DB422654F50D00F4C161 /* PaymentViewController.swift in Sources */ = {isa = PBXBuildFile; fileRef = 1ED7DB412654F50D00F4C161 /* PaymentViewController.swift */; };
		1ED7DB4B2654F5BB00F4C161 /* Payment.storyboard in Resources */ = {isa = PBXBuildFile; fileRef = 1ED7DB4A2654F5BB00F4C161 /* Payment.storyboard */; };
/* End PBXBuildFile section */

/* Begin PBXContainerItemProxy section */
		1ECA051B2654620800DD1DE5 /* PBXContainerItemProxy */ = {
			isa = PBXContainerItemProxy;
			containerPortal = 1ECA04FC2654620500DD1DE5 /* Project object */;
			proxyType = 1;
			remoteGlobalIDString = 1ECA05032654620500DD1DE5;
			remoteInfo = RestaurantMenu;
		};
		1ECA05262654620800DD1DE5 /* PBXContainerItemProxy */ = {
			isa = PBXContainerItemProxy;
			containerPortal = 1ECA04FC2654620500DD1DE5 /* Project object */;
			proxyType = 1;
			remoteGlobalIDString = 1ECA05032654620500DD1DE5;
			remoteInfo = RestaurantMenu;
		};
/* End PBXContainerItemProxy section */

/* Begin PBXFileReference section */
		1ECA05042654620500DD1DE5 /* RestaurantMenu.app */ = {isa = PBXFileReference; explicitFileType = wrapper.application; includeInIndex = 0; path = RestaurantMenu.app; sourceTree = BUILT_PRODUCTS_DIR; };
		1ECA05072654620500DD1DE5 /* AppDelegate.swift */ = {isa = PBXFileReference; lastKnownFileType = sourcecode.swift; path = AppDelegate.swift; sourceTree = "<group>"; };
		1ECA05092654620500DD1DE5 /* SceneDelegate.swift */ = {isa = PBXFileReference; lastKnownFileType = sourcecode.swift; path = SceneDelegate.swift; sourceTree = "<group>"; };
		1ECA050B2654620500DD1DE5 /* ViewController.swift */ = {isa = PBXFileReference; lastKnownFileType = sourcecode.swift; path = ViewController.swift; sourceTree = "<group>"; };
		1ECA050E2654620500DD1DE5 /* Base */ = {isa = PBXFileReference; lastKnownFileType = file.storyboard; name = Base; path = Base.lproj/Main.storyboard; sourceTree = "<group>"; };
		1ECA05102654620800DD1DE5 /* Assets.xcassets */ = {isa = PBXFileReference; lastKnownFileType = folder.assetcatalog; path = Assets.xcassets; sourceTree = "<group>"; };
		1ECA05132654620800DD1DE5 /* Base */ = {isa = PBXFileReference; lastKnownFileType = file.storyboard; name = Base; path = Base.lproj/LaunchScreen.storyboard; sourceTree = "<group>"; };
		1ECA05152654620800DD1DE5 /* Info.plist */ = {isa = PBXFileReference; lastKnownFileType = text.plist.xml; path = Info.plist; sourceTree = "<group>"; };
		1ECA051A2654620800DD1DE5 /* RestaurantMenuTests.xctest */ = {isa = PBXFileReference; explicitFileType = wrapper.cfbundle; includeInIndex = 0; path = RestaurantMenuTests.xctest; sourceTree = BUILT_PRODUCTS_DIR; };
		1ECA051E2654620800DD1DE5 /* RestaurantMenuTests.swift */ = {isa = PBXFileReference; lastKnownFileType = sourcecode.swift; path = RestaurantMenuTests.swift; sourceTree = "<group>"; };
		1ECA05202654620800DD1DE5 /* Info.plist */ = {isa = PBXFileReference; lastKnownFileType = text.plist.xml; path = Info.plist; sourceTree = "<group>"; };
		1ECA05252654620800DD1DE5 /* RestaurantMenuUITests.xctest */ = {isa = PBXFileReference; explicitFileType = wrapper.cfbundle; includeInIndex = 0; path = RestaurantMenuUITests.xctest; sourceTree = BUILT_PRODUCTS_DIR; };
		1ECA05292654620800DD1DE5 /* RestaurantMenuUITests.swift */ = {isa = PBXFileReference; lastKnownFileType = sourcecode.swift; path = RestaurantMenuUITests.swift; sourceTree = "<group>"; };
		1ECA052B2654620800DD1DE5 /* Info.plist */ = {isa = PBXFileReference; lastKnownFileType = text.plist.xml; path = Info.plist; sourceTree = "<group>"; };
		1ECA053F265466E500DD1DE5 /* CategoriesListViewController.swift */ = {isa = PBXFileReference; lastKnownFileType = sourcecode.swift; path = CategoriesListViewController.swift; sourceTree = "<group>"; };
		1ECA05452654689300DD1DE5 /* BaseViewModel.swift */ = {isa = PBXFileReference; lastKnownFileType = sourcecode.swift; path = BaseViewModel.swift; sourceTree = "<group>"; };
		1ECA054D265468C800DD1DE5 /* Dynamic.swift */ = {isa = PBXFileReference; lastKnownFileType = sourcecode.swift; path = Dynamic.swift; sourceTree = "<group>"; };
		1ECA05532654691F00DD1DE5 /* ViewControllerExtension.swift */ = {isa = PBXFileReference; lastKnownFileType = sourcecode.swift; path = ViewControllerExtension.swift; sourceTree = "<group>"; };
		1ECA05582654695400DD1DE5 /* CategoriesListViewModel.swift */ = {isa = PBXFileReference; lastKnownFileType = sourcecode.swift; path = CategoriesListViewModel.swift; sourceTree = "<group>"; };
		1ECA055E265469C500DD1DE5 /* MenuRepo.swift */ = {isa = PBXFileReference; lastKnownFileType = sourcecode.swift; path = MenuRepo.swift; sourceTree = "<group>"; };
		1ECA05652654710600DD1DE5 /* RestaurantMenu.swift */ = {isa = PBXFileReference; lastKnownFileType = sourcecode.swift; path = RestaurantMenu.swift; sourceTree = "<group>"; };
		1ECA056D2654714300DD1DE5 /* RestaurantInfo.swift */ = {isa = PBXFileReference; lastKnownFileType = sourcecode.swift; path = RestaurantInfo.swift; sourceTree = "<group>"; };
		1ECA0572265471FA00DD1DE5 /* Category.swift */ = {isa = PBXFileReference; lastKnownFileType = sourcecode.swift; path = Category.swift; sourceTree = "<group>"; };
		1ECA0577265472C100DD1DE5 /* NetworkError.swift */ = {isa = PBXFileReference; lastKnownFileType = sourcecode.swift; path = NetworkError.swift; sourceTree = "<group>"; };
		1ECA057C2654761A00DD1DE5 /* restaurant-menu.json */ = {isa = PBXFileReference; fileEncoding = 4; lastKnownFileType = text.json; path = "restaurant-menu.json"; sourceTree = "<group>"; };
		1ECA058426547E1900DD1DE5 /* ActivityIndicatorExtension.swift */ = {isa = PBXFileReference; lastKnownFileType = sourcecode.swift; path = ActivityIndicatorExtension.swift; sourceTree = "<group>"; };
		1ECA058926547E5600DD1DE5 /* CategoryTableCell.swift */ = {isa = PBXFileReference; lastKnownFileType = sourcecode.swift; path = CategoryTableCell.swift; sourceTree = "<group>"; };
		1ECA05B92654C53700DD1DE5 /* CategoryDetailsViewController.swift */ = {isa = PBXFileReference; lastKnownFileType = sourcecode.swift; path = CategoryDetailsViewController.swift; sourceTree = "<group>"; };
		1ECA05BE2654C55700DD1DE5 /* MenuItemTableCell.swift */ = {isa = PBXFileReference; lastKnownFileType = sourcecode.swift; path = MenuItemTableCell.swift; sourceTree = "<group>"; };
		1ECA05C32654C78100DD1DE5 /* StoryBoardsIDs.swift */ = {isa = PBXFileReference; lastKnownFileType = sourcecode.swift; path = StoryBoardsIDs.swift; sourceTree = "<group>"; };
		1ECA05C82654C87300DD1DE5 /* CategoryDetailsViewModel.swift */ = {isa = PBXFileReference; lastKnownFileType = sourcecode.swift; path = CategoryDetailsViewModel.swift; sourceTree = "<group>"; };
		1ECA05F92654C9F100DD1DE5 /* Cart.swift */ = {isa = PBXFileReference; lastKnownFileType = sourcecode.swift; path = Cart.swift; sourceTree = "<group>"; };
		1ECA06012654CBCD00DD1DE5 /* UserDefaultsExtension.swift */ = {isa = PBXFileReference; lastKnownFileType = sourcecode.swift; path = UserDefaultsExtension.swift; sourceTree = "<group>"; };
		1ECA060A2654CF0500DD1DE5 /* MenuItemTableCell.xib */ = {isa = PBXFileReference; lastKnownFileType = file.xib; path = MenuItemTableCell.xib; sourceTree = "<group>"; };
		1ECA06102654D0FA00DD1DE5 /* Cart.storyboard */ = {isa = PBXFileReference; lastKnownFileType = file.storyboard; path = Cart.storyboard; sourceTree = "<group>"; };
		1ECA06162654D14300DD1DE5 /* CartDetailsViewController.swift */ = {isa = PBXFileReference; lastKnownFileType = sourcecode.swift; path = CartDetailsViewController.swift; sourceTree = "<group>"; };
		1ECA061E2654D32600DD1DE5 /* CartTableViewCell.swift */ = {isa = PBXFileReference; lastKnownFileType = sourcecode.swift; path = CartTableViewCell.swift; sourceTree = "<group>"; };
		1ECA06232654D75D00DD1DE5 /* UIViewExtension.swift */ = {isa = PBXFileReference; lastKnownFileType = sourcecode.swift; path = UIViewExtension.swift; sourceTree = "<group>"; };
		1ED7DB412654F50D00F4C161 /* PaymentViewController.swift */ = {isa = PBXFileReference; lastKnownFileType = sourcecode.swift; path = PaymentViewController.swift; sourceTree = "<group>"; };
		1ED7DB4A2654F5BB00F4C161 /* Payment.storyboard */ = {isa = PBXFileReference; lastKnownFileType = file.storyboard; path = Payment.storyboard; sourceTree = "<group>"; };
/* End PBXFileReference section */

/* Begin PBXFrameworksBuildPhase section */
		1ECA05012654620500DD1DE5 /* Frameworks */ = {
			isa = PBXFrameworksBuildPhase;
			buildActionMask = 2147483647;
			files = (
			);
			runOnlyForDeploymentPostprocessing = 0;
		};
		1ECA05172654620800DD1DE5 /* Frameworks */ = {
			isa = PBXFrameworksBuildPhase;
			buildActionMask = 2147483647;
			files = (
			);
			runOnlyForDeploymentPostprocessing = 0;
		};
		1ECA05222654620800DD1DE5 /* Frameworks */ = {
			isa = PBXFrameworksBuildPhase;
			buildActionMask = 2147483647;
			files = (
			);
			runOnlyForDeploymentPostprocessing = 0;
		};
/* End PBXFrameworksBuildPhase section */

/* Begin PBXGroup section */
		1ECA04FB2654620500DD1DE5 = {
			isa = PBXGroup;
			children = (
				1ECA05062654620500DD1DE5 /* RestaurantMenu */,
				1ECA051D2654620800DD1DE5 /* RestaurantMenuTests */,
				1ECA05282654620800DD1DE5 /* RestaurantMenuUITests */,
				1ECA05052654620500DD1DE5 /* Products */,
			);
			sourceTree = "<group>";
		};
		1ECA05052654620500DD1DE5 /* Products */ = {
			isa = PBXGroup;
			children = (
				1ECA05042654620500DD1DE5 /* RestaurantMenu.app */,
				1ECA051A2654620800DD1DE5 /* RestaurantMenuTests.xctest */,
				1ECA05252654620800DD1DE5 /* RestaurantMenuUITests.xctest */,
			);
			name = Products;
			sourceTree = "<group>";
		};
		1ECA05062654620500DD1DE5 /* RestaurantMenu */ = {
			isa = PBXGroup;
			children = (
				1ECA0564265470CD00DD1DE5 /* Models */,
				1ECA055D2654698F00DD1DE5 /* Repos */,
				1ECA05442654687700DD1DE5 /* Helpers */,
				1ECA053A2654646000DD1DE5 /* Epics */,
				1ECA05072654620500DD1DE5 /* AppDelegate.swift */,
				1ECA05092654620500DD1DE5 /* SceneDelegate.swift */,
				1ECA050B2654620500DD1DE5 /* ViewController.swift */,
				1ECA05102654620800DD1DE5 /* Assets.xcassets */,
				1ECA05122654620800DD1DE5 /* LaunchScreen.storyboard */,
				1ECA05152654620800DD1DE5 /* Info.plist */,
			);
			path = RestaurantMenu;
			sourceTree = "<group>";
		};
		1ECA051D2654620800DD1DE5 /* RestaurantMenuTests */ = {
			isa = PBXGroup;
			children = (
				1ECA051E2654620800DD1DE5 /* RestaurantMenuTests.swift */,
				1ECA05202654620800DD1DE5 /* Info.plist */,
			);
			path = RestaurantMenuTests;
			sourceTree = "<group>";
		};
		1ECA05282654620800DD1DE5 /* RestaurantMenuUITests */ = {
			isa = PBXGroup;
			children = (
				1ECA05292654620800DD1DE5 /* RestaurantMenuUITests.swift */,
				1ECA052B2654620800DD1DE5 /* Info.plist */,
			);
			path = RestaurantMenuUITests;
			sourceTree = "<group>";
		};
		1ECA053A2654646000DD1DE5 /* Epics */ = {
			isa = PBXGroup;
			children = (
				1ECA06062654CE6D00DD1DE5 /* Menu */,
				1ED7DB402654F4D900F4C161 /* Checkout */,
				1ECA060F2654D0C600DD1DE5 /* Cart */,
			);
			path = Epics;
			sourceTree = "<group>";
		};
		1ECA053B2654647000DD1DE5 /* MenuCategories */ = {
			isa = PBXGroup;
			children = (
				1ECA053F265466E500DD1DE5 /* CategoriesListViewController.swift */,
				1ECA058926547E5600DD1DE5 /* CategoryTableCell.swift */,
				1ECA05582654695400DD1DE5 /* CategoriesListViewModel.swift */,
			);
			path = MenuCategories;
			sourceTree = "<group>";
		};
		1ECA05442654687700DD1DE5 /* Helpers */ = {
			isa = PBXGroup;
			children = (
				1ECA05F82654C9E000DD1DE5 /* Core */,
				1ECA057C2654761A00DD1DE5 /* restaurant-menu.json */,
				1ECA0552265468FF00DD1DE5 /* Extensions */,
				1ECA05452654689300DD1DE5 /* BaseViewModel.swift */,
				1ECA054D265468C800DD1DE5 /* Dynamic.swift */,
				1ECA0577265472C100DD1DE5 /* NetworkError.swift */,
				1ECA05C32654C78100DD1DE5 /* StoryBoardsIDs.swift */,
			);
			path = Helpers;
			sourceTree = "<group>";
		};
		1ECA0552265468FF00DD1DE5 /* Extensions */ = {
			isa = PBXGroup;
			children = (
				1ECA05532654691F00DD1DE5 /* ViewControllerExtension.swift */,
				1ECA06012654CBCD00DD1DE5 /* UserDefaultsExtension.swift */,
				1ECA058426547E1900DD1DE5 /* ActivityIndicatorExtension.swift */,
				1ECA06232654D75D00DD1DE5 /* UIViewExtension.swift */,
			);
			path = Extensions;
			sourceTree = "<group>";
		};
		1ECA055D2654698F00DD1DE5 /* Repos */ = {
			isa = PBXGroup;
			children = (
				1ECA055E265469C500DD1DE5 /* MenuRepo.swift */,
			);
			path = Repos;
			sourceTree = "<group>";
		};
		1ECA0564265470CD00DD1DE5 /* Models */ = {
			isa = PBXGroup;
			children = (
				1ECA05652654710600DD1DE5 /* RestaurantMenu.swift */,
				1ECA056D2654714300DD1DE5 /* RestaurantInfo.swift */,
				1ECA0572265471FA00DD1DE5 /* Category.swift */,
			);
			path = Models;
			sourceTree = "<group>";
		};
		1ECA05B82654C51500DD1DE5 /* CategoryDetails */ = {
			isa = PBXGroup;
			children = (
				1ECA05B92654C53700DD1DE5 /* CategoryDetailsViewController.swift */,
				1ECA05BE2654C55700DD1DE5 /* MenuItemTableCell.swift */,
				1ECA05C82654C87300DD1DE5 /* CategoryDetailsViewModel.swift */,
			);
			path = CategoryDetails;
			sourceTree = "<group>";
		};
		1ECA05F82654C9E000DD1DE5 /* Core */ = {
			isa = PBXGroup;
			children = (
				1ECA05F92654C9F100DD1DE5 /* Cart.swift */,
			);
			path = Core;
			sourceTree = "<group>";
		};
		1ECA06062654CE6D00DD1DE5 /* Menu */ = {
			isa = PBXGroup;
			children = (
				1ECA06072654CEAD00DD1DE5 /* Modules */,
				1ECA06082654CEC000DD1DE5 /* SubModules */,
			);
			path = Menu;
			sourceTree = "<group>";
		};
		1ECA06072654CEAD00DD1DE5 /* Modules */ = {
			isa = PBXGroup;
			children = (
				1ECA050D2654620500DD1DE5 /* Main.storyboard */,
				1ECA05B82654C51500DD1DE5 /* CategoryDetails */,
				1ECA053B2654647000DD1DE5 /* MenuCategories */,
			);
			path = Modules;
			sourceTree = "<group>";
		};
		1ECA06082654CEC000DD1DE5 /* SubModules */ = {
			isa = PBXGroup;
			children = (
				1ECA06092654CED300DD1DE5 /* MenuItemCell */,
			);
			path = SubModules;
			sourceTree = "<group>";
		};
		1ECA06092654CED300DD1DE5 /* MenuItemCell */ = {
			isa = PBXGroup;
			children = (
				1ECA060A2654CF0500DD1DE5 /* MenuItemTableCell.xib */,
			);
			path = MenuItemCell;
			sourceTree = "<group>";
		};
		1ECA060F2654D0C600DD1DE5 /* Cart */ = {
			isa = PBXGroup;
			children = (
				1ECA06152654D11500DD1DE5 /* CartDetails */,
				1ECA06102654D0FA00DD1DE5 /* Cart.storyboard */,
			);
			path = Cart;
			sourceTree = "<group>";
		};
		1ECA06152654D11500DD1DE5 /* CartDetails */ = {
			isa = PBXGroup;
			children = (
				1ECA06162654D14300DD1DE5 /* CartDetailsViewController.swift */,
				1ECA061E2654D32600DD1DE5 /* CartTableViewCell.swift */,
			);
			path = CartDetails;
			sourceTree = "<group>";
		};
		1ED7DB402654F4D900F4C161 /* Checkout */ = {
			isa = PBXGroup;
			children = (
				1ED7DB492654F54500F4C161 /* Payment */,
				1ED7DB4A2654F5BB00F4C161 /* Payment.storyboard */,
			);
			path = Checkout;
			sourceTree = "<group>";
		};
		1ED7DB492654F54500F4C161 /* Payment */ = {
			isa = PBXGroup;
			children = (
				1ED7DB412654F50D00F4C161 /* PaymentViewController.swift */,
			);
			path = Payment;
			sourceTree = "<group>";
		};
/* End PBXGroup section */

/* Begin PBXNativeTarget section */
		1ECA05032654620500DD1DE5 /* RestaurantMenu */ = {
			isa = PBXNativeTarget;
			buildConfigurationList = 1ECA052E2654620800DD1DE5 /* Build configuration list for PBXNativeTarget "RestaurantMenu" */;
			buildPhases = (
				1ECA05002654620500DD1DE5 /* Sources */,
				1ECA05012654620500DD1DE5 /* Frameworks */,
				1ECA05022654620500DD1DE5 /* Resources */,
			);
			buildRules = (
			);
			dependencies = (
			);
			name = RestaurantMenu;
			productName = RestaurantMenu;
			productReference = 1ECA05042654620500DD1DE5 /* RestaurantMenu.app */;
			productType = "com.apple.product-type.application";
		};
		1ECA05192654620800DD1DE5 /* RestaurantMenuTests */ = {
			isa = PBXNativeTarget;
			buildConfigurationList = 1ECA05312654620800DD1DE5 /* Build configuration list for PBXNativeTarget "RestaurantMenuTests" */;
			buildPhases = (
				1ECA05162654620800DD1DE5 /* Sources */,
				1ECA05172654620800DD1DE5 /* Frameworks */,
				1ECA05182654620800DD1DE5 /* Resources */,
			);
			buildRules = (
			);
			dependencies = (
				1ECA051C2654620800DD1DE5 /* PBXTargetDependency */,
			);
			name = RestaurantMenuTests;
			productName = RestaurantMenuTests;
			productReference = 1ECA051A2654620800DD1DE5 /* RestaurantMenuTests.xctest */;
			productType = "com.apple.product-type.bundle.unit-test";
		};
		1ECA05242654620800DD1DE5 /* RestaurantMenuUITests */ = {
			isa = PBXNativeTarget;
			buildConfigurationList = 1ECA05342654620800DD1DE5 /* Build configuration list for PBXNativeTarget "RestaurantMenuUITests" */;
			buildPhases = (
				1ECA05212654620800DD1DE5 /* Sources */,
				1ECA05222654620800DD1DE5 /* Frameworks */,
				1ECA05232654620800DD1DE5 /* Resources */,
			);
			buildRules = (
			);
			dependencies = (
				1ECA05272654620800DD1DE5 /* PBXTargetDependency */,
			);
			name = RestaurantMenuUITests;
			productName = RestaurantMenuUITests;
			productReference = 1ECA05252654620800DD1DE5 /* RestaurantMenuUITests.xctest */;
			productType = "com.apple.product-type.bundle.ui-testing";
		};
/* End PBXNativeTarget section */

/* Begin PBXProject section */
		1ECA04FC2654620500DD1DE5 /* Project object */ = {
			isa = PBXProject;
			attributes = {
				LastSwiftUpdateCheck = 1230;
				LastUpgradeCheck = 1230;
				TargetAttributes = {
					1ECA05032654620500DD1DE5 = {
						CreatedOnToolsVersion = 12.3;
					};
					1ECA05192654620800DD1DE5 = {
						CreatedOnToolsVersion = 12.3;
						TestTargetID = 1ECA05032654620500DD1DE5;
					};
					1ECA05242654620800DD1DE5 = {
						CreatedOnToolsVersion = 12.3;
						TestTargetID = 1ECA05032654620500DD1DE5;
					};
				};
			};
			buildConfigurationList = 1ECA04FF2654620500DD1DE5 /* Build configuration list for PBXProject "RestaurantMenu" */;
			compatibilityVersion = "Xcode 9.3";
			developmentRegion = en;
			hasScannedForEncodings = 0;
			knownRegions = (
				en,
				Base,
			);
			mainGroup = 1ECA04FB2654620500DD1DE5;
			productRefGroup = 1ECA05052654620500DD1DE5 /* Products */;
			projectDirPath = "";
			projectRoot = "";
			targets = (
				1ECA05032654620500DD1DE5 /* RestaurantMenu */,
				1ECA05192654620800DD1DE5 /* RestaurantMenuTests */,
				1ECA05242654620800DD1DE5 /* RestaurantMenuUITests */,
			);
		};
/* End PBXProject section */

/* Begin PBXResourcesBuildPhase section */
		1ECA05022654620500DD1DE5 /* Resources */ = {
			isa = PBXResourcesBuildPhase;
			buildActionMask = 2147483647;
			files = (
				1ECA05142654620800DD1DE5 /* LaunchScreen.storyboard in Resources */,
				1ED7DB4B2654F5BB00F4C161 /* Payment.storyboard in Resources */,
				1ECA05112654620800DD1DE5 /* Assets.xcassets in Resources */,
				1ECA050F2654620500DD1DE5 /* Main.storyboard in Resources */,
				1ECA057D2654761A00DD1DE5 /* restaurant-menu.json in Resources */,
				1ECA06112654D0FA00DD1DE5 /* Cart.storyboard in Resources */,
				1ECA060B2654CF0500DD1DE5 /* MenuItemTableCell.xib in Resources */,
			);
			runOnlyForDeploymentPostprocessing = 0;
		};
		1ECA05182654620800DD1DE5 /* Resources */ = {
			isa = PBXResourcesBuildPhase;
			buildActionMask = 2147483647;
			files = (
			);
			runOnlyForDeploymentPostprocessing = 0;
		};
		1ECA05232654620800DD1DE5 /* Resources */ = {
			isa = PBXResourcesBuildPhase;
			buildActionMask = 2147483647;
			files = (
			);
			runOnlyForDeploymentPostprocessing = 0;
		};
/* End PBXResourcesBuildPhase section */

/* Begin PBXSourcesBuildPhase section */
		1ECA05002654620500DD1DE5 /* Sources */ = {
			isa = PBXSourcesBuildPhase;
			buildActionMask = 2147483647;
			files = (
				1ECA05C92654C87300DD1DE5 /* CategoryDetailsViewModel.swift in Sources */,
				1ECA050C2654620500DD1DE5 /* ViewController.swift in Sources */,
				1ECA05462654689300DD1DE5 /* BaseViewModel.swift in Sources */,
				1ECA06172654D14300DD1DE5 /* CartDetailsViewController.swift in Sources */,
				1ECA05542654691F00DD1DE5 /* ViewControllerExtension.swift in Sources */,
				1ECA056E2654714300DD1DE5 /* RestaurantInfo.swift in Sources */,
				1ECA06242654D75D00DD1DE5 /* UIViewExtension.swift in Sources */,
				1ECA05082654620500DD1DE5 /* AppDelegate.swift in Sources */,
				1ECA054E265468C800DD1DE5 /* Dynamic.swift in Sources */,
				1ECA05FA2654C9F100DD1DE5 /* Cart.swift in Sources */,
				1ECA058526547E1900DD1DE5 /* ActivityIndicatorExtension.swift in Sources */,
				1ED7DB422654F50D00F4C161 /* PaymentViewController.swift in Sources */,
				1ECA0540265466E500DD1DE5 /* CategoriesListViewController.swift in Sources */,
				1ECA05592654695400DD1DE5 /* CategoriesListViewModel.swift in Sources */,
				1ECA05C42654C78100DD1DE5 /* StoryBoardsIDs.swift in Sources */,
				1ECA05BA2654C53700DD1DE5 /* CategoryDetailsViewController.swift in Sources */,
				1ECA050A2654620500DD1DE5 /* SceneDelegate.swift in Sources */,
				1ECA061F2654D32600DD1DE5 /* CartTableViewCell.swift in Sources */,
				1ECA055F265469C500DD1DE5 /* MenuRepo.swift in Sources */,
				1ECA0578265472C100DD1DE5 /* NetworkError.swift in Sources */,
				1ECA05662654710600DD1DE5 /* RestaurantMenu.swift in Sources */,
				1ECA0573265471FA00DD1DE5 /* Category.swift in Sources */,
				1ECA05BF2654C55700DD1DE5 /* MenuItemTableCell.swift in Sources */,
				1ECA06022654CBCD00DD1DE5 /* UserDefaultsExtension.swift in Sources */,
				1ECA058A26547E5600DD1DE5 /* CategoryTableCell.swift in Sources */,
			);
			runOnlyForDeploymentPostprocessing = 0;
		};
		1ECA05162654620800DD1DE5 /* Sources */ = {
			isa = PBXSourcesBuildPhase;
			buildActionMask = 2147483647;
			files = (
				1ECA051F2654620800DD1DE5 /* RestaurantMenuTests.swift in Sources */,
			);
			runOnlyForDeploymentPostprocessing = 0;
		};
		1ECA05212654620800DD1DE5 /* Sources */ = {
			isa = PBXSourcesBuildPhase;
			buildActionMask = 2147483647;
			files = (
				1ECA052A2654620800DD1DE5 /* RestaurantMenuUITests.swift in Sources */,
			);
			runOnlyForDeploymentPostprocessing = 0;
		};
/* End PBXSourcesBuildPhase section */

/* Begin PBXTargetDependency section */
		1ECA051C2654620800DD1DE5 /* PBXTargetDependency */ = {
			isa = PBXTargetDependency;
			target = 1ECA05032654620500DD1DE5 /* RestaurantMenu */;
			targetProxy = 1ECA051B2654620800DD1DE5 /* PBXContainerItemProxy */;
		};
		1ECA05272654620800DD1DE5 /* PBXTargetDependency */ = {
			isa = PBXTargetDependency;
			target = 1ECA05032654620500DD1DE5 /* RestaurantMenu */;
			targetProxy = 1ECA05262654620800DD1DE5 /* PBXContainerItemProxy */;
		};
/* End PBXTargetDependency section */

/* Begin PBXVariantGroup section */
		1ECA050D2654620500DD1DE5 /* Main.storyboard */ = {
			isa = PBXVariantGroup;
			children = (
				1ECA050E2654620500DD1DE5 /* Base */,
			);
			name = Main.storyboard;
			sourceTree = "<group>";
		};
		1ECA05122654620800DD1DE5 /* LaunchScreen.storyboard */ = {
			isa = PBXVariantGroup;
			children = (
				1ECA05132654620800DD1DE5 /* Base */,
			);
			name = LaunchScreen.storyboard;
			sourceTree = "<group>";
		};
/* End PBXVariantGroup section */

/* Begin XCBuildConfiguration section */
		1ECA052C2654620800DD1DE5 /* Debug */ = {
			isa = XCBuildConfiguration;
			buildSettings = {
				ALWAYS_SEARCH_USER_PATHS = NO;
				CLANG_ANALYZER_NONNULL = YES;
				CLANG_ANALYZER_NUMBER_OBJECT_CONVERSION = YES_AGGRESSIVE;
				CLANG_CXX_LANGUAGE_STANDARD = "gnu++14";
				CLANG_CXX_LIBRARY = "libc++";
				CLANG_ENABLE_MODULES = YES;
				CLANG_ENABLE_OBJC_ARC = YES;
				CLANG_ENABLE_OBJC_WEAK = YES;
				CLANG_WARN_BLOCK_CAPTURE_AUTORELEASING = YES;
				CLANG_WARN_BOOL_CONVERSION = YES;
				CLANG_WARN_COMMA = YES;
				CLANG_WARN_CONSTANT_CONVERSION = YES;
				CLANG_WARN_DEPRECATED_OBJC_IMPLEMENTATIONS = YES;
				CLANG_WARN_DIRECT_OBJC_ISA_USAGE = YES_ERROR;
				CLANG_WARN_DOCUMENTATION_COMMENTS = YES;
				CLANG_WARN_EMPTY_BODY = YES;
				CLANG_WARN_ENUM_CONVERSION = YES;
				CLANG_WARN_INFINITE_RECURSION = YES;
				CLANG_WARN_INT_CONVERSION = YES;
				CLANG_WARN_NON_LITERAL_NULL_CONVERSION = YES;
				CLANG_WARN_OBJC_IMPLICIT_RETAIN_SELF = YES;
				CLANG_WARN_OBJC_LITERAL_CONVERSION = YES;
				CLANG_WARN_OBJC_ROOT_CLASS = YES_ERROR;
				CLANG_WARN_QUOTED_INCLUDE_IN_FRAMEWORK_HEADER = YES;
				CLANG_WARN_RANGE_LOOP_ANALYSIS = YES;
				CLANG_WARN_STRICT_PROTOTYPES = YES;
				CLANG_WARN_SUSPICIOUS_MOVE = YES;
				CLANG_WARN_UNGUARDED_AVAILABILITY = YES_AGGRESSIVE;
				CLANG_WARN_UNREACHABLE_CODE = YES;
				CLANG_WARN__DUPLICATE_METHOD_MATCH = YES;
				COPY_PHASE_STRIP = NO;
				DEBUG_INFORMATION_FORMAT = dwarf;
				ENABLE_STRICT_OBJC_MSGSEND = YES;
				ENABLE_TESTABILITY = YES;
				GCC_C_LANGUAGE_STANDARD = gnu11;
				GCC_DYNAMIC_NO_PIC = NO;
				GCC_NO_COMMON_BLOCKS = YES;
				GCC_OPTIMIZATION_LEVEL = 0;
				GCC_PREPROCESSOR_DEFINITIONS = (
					"DEBUG=1",
					"$(inherited)",
				);
				GCC_WARN_64_TO_32_BIT_CONVERSION = YES;
				GCC_WARN_ABOUT_RETURN_TYPE = YES_ERROR;
				GCC_WARN_UNDECLARED_SELECTOR = YES;
				GCC_WARN_UNINITIALIZED_AUTOS = YES_AGGRESSIVE;
				GCC_WARN_UNUSED_FUNCTION = YES;
				GCC_WARN_UNUSED_VARIABLE = YES;
				IPHONEOS_DEPLOYMENT_TARGET = 14.3;
				MTL_ENABLE_DEBUG_INFO = INCLUDE_SOURCE;
				MTL_FAST_MATH = YES;
				ONLY_ACTIVE_ARCH = YES;
				SDKROOT = iphoneos;
				SWIFT_ACTIVE_COMPILATION_CONDITIONS = DEBUG;
				SWIFT_OPTIMIZATION_LEVEL = "-Onone";
			};
			name = Debug;
		};
		1ECA052D2654620800DD1DE5 /* Release */ = {
			isa = XCBuildConfiguration;
			buildSettings = {
				ALWAYS_SEARCH_USER_PATHS = NO;
				CLANG_ANALYZER_NONNULL = YES;
				CLANG_ANALYZER_NUMBER_OBJECT_CONVERSION = YES_AGGRESSIVE;
				CLANG_CXX_LANGUAGE_STANDARD = "gnu++14";
				CLANG_CXX_LIBRARY = "libc++";
				CLANG_ENABLE_MODULES = YES;
				CLANG_ENABLE_OBJC_ARC = YES;
				CLANG_ENABLE_OBJC_WEAK = YES;
				CLANG_WARN_BLOCK_CAPTURE_AUTORELEASING = YES;
				CLANG_WARN_BOOL_CONVERSION = YES;
				CLANG_WARN_COMMA = YES;
				CLANG_WARN_CONSTANT_CONVERSION = YES;
				CLANG_WARN_DEPRECATED_OBJC_IMPLEMENTATIONS = YES;
				CLANG_WARN_DIRECT_OBJC_ISA_USAGE = YES_ERROR;
				CLANG_WARN_DOCUMENTATION_COMMENTS = YES;
				CLANG_WARN_EMPTY_BODY = YES;
				CLANG_WARN_ENUM_CONVERSION = YES;
				CLANG_WARN_INFINITE_RECURSION = YES;
				CLANG_WARN_INT_CONVERSION = YES;
				CLANG_WARN_NON_LITERAL_NULL_CONVERSION = YES;
				CLANG_WARN_OBJC_IMPLICIT_RETAIN_SELF = YES;
				CLANG_WARN_OBJC_LITERAL_CONVERSION = YES;
				CLANG_WARN_OBJC_ROOT_CLASS = YES_ERROR;
				CLANG_WARN_QUOTED_INCLUDE_IN_FRAMEWORK_HEADER = YES;
				CLANG_WARN_RANGE_LOOP_ANALYSIS = YES;
				CLANG_WARN_STRICT_PROTOTYPES = YES;
				CLANG_WARN_SUSPICIOUS_MOVE = YES;
				CLANG_WARN_UNGUARDED_AVAILABILITY = YES_AGGRESSIVE;
				CLANG_WARN_UNREACHABLE_CODE = YES;
				CLANG_WARN__DUPLICATE_METHOD_MATCH = YES;
				COPY_PHASE_STRIP = NO;
				DEBUG_INFORMATION_FORMAT = "dwarf-with-dsym";
				ENABLE_NS_ASSERTIONS = NO;
				ENABLE_STRICT_OBJC_MSGSEND = YES;
				GCC_C_LANGUAGE_STANDARD = gnu11;
				GCC_NO_COMMON_BLOCKS = YES;
				GCC_WARN_64_TO_32_BIT_CONVERSION = YES;
				GCC_WARN_ABOUT_RETURN_TYPE = YES_ERROR;
				GCC_WARN_UNDECLARED_SELECTOR = YES;
				GCC_WARN_UNINITIALIZED_AUTOS = YES_AGGRESSIVE;
				GCC_WARN_UNUSED_FUNCTION = YES;
				GCC_WARN_UNUSED_VARIABLE = YES;
				IPHONEOS_DEPLOYMENT_TARGET = 14.3;
				MTL_ENABLE_DEBUG_INFO = NO;
				MTL_FAST_MATH = YES;
				SDKROOT = iphoneos;
				SWIFT_COMPILATION_MODE = wholemodule;
				SWIFT_OPTIMIZATION_LEVEL = "-O";
				VALIDATE_PRODUCT = YES;
			};
			name = Release;
		};
		1ECA052F2654620800DD1DE5 /* Debug */ = {
			isa = XCBuildConfiguration;
			buildSettings = {
				ASSETCATALOG_COMPILER_APPICON_NAME = AppIcon;
				ASSETCATALOG_COMPILER_GLOBAL_ACCENT_COLOR_NAME = AccentColor;
				CODE_SIGN_STYLE = Automatic;
				DEVELOPMENT_TEAM = B9MRWB6593;
				INFOPLIST_FILE = RestaurantMenu/Info.plist;
				LD_RUNPATH_SEARCH_PATHS = (
					"$(inherited)",
					"@executable_path/Frameworks",
				);
				PRODUCT_BUNDLE_IDENTIFIER = com.HudaElhady.RestaurantMenu;
				PRODUCT_NAME = "$(TARGET_NAME)";
				SWIFT_VERSION = 5.0;
				TARGETED_DEVICE_FAMILY = "1,2";
			};
			name = Debug;
		};
		1ECA05302654620800DD1DE5 /* Release */ = {
			isa = XCBuildConfiguration;
			buildSettings = {
				ASSETCATALOG_COMPILER_APPICON_NAME = AppIcon;
				ASSETCATALOG_COMPILER_GLOBAL_ACCENT_COLOR_NAME = AccentColor;
				CODE_SIGN_STYLE = Automatic;
				DEVELOPMENT_TEAM = B9MRWB6593;
				INFOPLIST_FILE = RestaurantMenu/Info.plist;
				LD_RUNPATH_SEARCH_PATHS = (
					"$(inherited)",
					"@executable_path/Frameworks",
				);
				PRODUCT_BUNDLE_IDENTIFIER = com.HudaElhady.RestaurantMenu;
				PRODUCT_NAME = "$(TARGET_NAME)";
				SWIFT_VERSION = 5.0;
				TARGETED_DEVICE_FAMILY = "1,2";
			};
			name = Release;
		};
		1ECA05322654620800DD1DE5 /* Debug */ = {
			isa = XCBuildConfiguration;
			buildSettings = {
				ALWAYS_EMBED_SWIFT_STANDARD_LIBRARIES = YES;
				BUNDLE_LOADER = "$(TEST_HOST)";
				CODE_SIGN_STYLE = Automatic;
				DEVELOPMENT_TEAM = B9MRWB6593;
				INFOPLIST_FILE = RestaurantMenuTests/Info.plist;
				IPHONEOS_DEPLOYMENT_TARGET = 14.3;
				LD_RUNPATH_SEARCH_PATHS = (
					"$(inherited)",
					"@executable_path/Frameworks",
					"@loader_path/Frameworks",
				);
				PRODUCT_BUNDLE_IDENTIFIER = com.HudaElhady.RestaurantMenuTests;
				PRODUCT_NAME = "$(TARGET_NAME)";
				SWIFT_VERSION = 5.0;
				TARGETED_DEVICE_FAMILY = "1,2";
				TEST_HOST = "$(BUILT_PRODUCTS_DIR)/RestaurantMenu.app/RestaurantMenu";
			};
			name = Debug;
		};
		1ECA05332654620800DD1DE5 /* Release */ = {
			isa = XCBuildConfiguration;
			buildSettings = {
				ALWAYS_EMBED_SWIFT_STANDARD_LIBRARIES = YES;
				BUNDLE_LOADER = "$(TEST_HOST)";
				CODE_SIGN_STYLE = Automatic;
				DEVELOPMENT_TEAM = B9MRWB6593;
				INFOPLIST_FILE = RestaurantMenuTests/Info.plist;
				IPHONEOS_DEPLOYMENT_TARGET = 14.3;
				LD_RUNPATH_SEARCH_PATHS = (
					"$(inherited)",
					"@executable_path/Frameworks",
					"@loader_path/Frameworks",
				);
				PRODUCT_BUNDLE_IDENTIFIER = com.HudaElhady.RestaurantMenuTests;
				PRODUCT_NAME = "$(TARGET_NAME)";
				SWIFT_VERSION = 5.0;
				TARGETED_DEVICE_FAMILY = "1,2";
				TEST_HOST = "$(BUILT_PRODUCTS_DIR)/RestaurantMenu.app/RestaurantMenu";
			};
			name = Release;
		};
		1ECA05352654620800DD1DE5 /* Debug */ = {
			isa = XCBuildConfiguration;
			buildSettings = {
				ALWAYS_EMBED_SWIFT_STANDARD_LIBRARIES = YES;
				CODE_SIGN_STYLE = Automatic;
				DEVELOPMENT_TEAM = B9MRWB6593;
				INFOPLIST_FILE = RestaurantMenuUITests/Info.plist;
				LD_RUNPATH_SEARCH_PATHS = (
					"$(inherited)",
					"@executable_path/Frameworks",
					"@loader_path/Frameworks",
				);
				PRODUCT_BUNDLE_IDENTIFIER = com.HudaElhady.RestaurantMenuUITests;
				PRODUCT_NAME = "$(TARGET_NAME)";
				SWIFT_VERSION = 5.0;
				TARGETED_DEVICE_FAMILY = "1,2";
				TEST_TARGET_NAME = RestaurantMenu;
			};
			name = Debug;
		};
		1ECA05362654620800DD1DE5 /* Release */ = {
			isa = XCBuildConfiguration;
			buildSettings = {
				ALWAYS_EMBED_SWIFT_STANDARD_LIBRARIES = YES;
				CODE_SIGN_STYLE = Automatic;
				DEVELOPMENT_TEAM = B9MRWB6593;
				INFOPLIST_FILE = RestaurantMenuUITests/Info.plist;
				LD_RUNPATH_SEARCH_PATHS = (
					"$(inherited)",
					"@executable_path/Frameworks",
					"@loader_path/Frameworks",
				);
				PRODUCT_BUNDLE_IDENTIFIER = com.HudaElhady.RestaurantMenuUITests;
				PRODUCT_NAME = "$(TARGET_NAME)";
				SWIFT_VERSION = 5.0;
				TARGETED_DEVICE_FAMILY = "1,2";
				TEST_TARGET_NAME = RestaurantMenu;
			};
			name = Release;
		};
/* End XCBuildConfiguration section */

/* Begin XCConfigurationList section */
		1ECA04FF2654620500DD1DE5 /* Build configuration list for PBXProject "RestaurantMenu" */ = {
			isa = XCConfigurationList;
			buildConfigurations = (
				1ECA052C2654620800DD1DE5 /* Debug */,
				1ECA052D2654620800DD1DE5 /* Release */,
			);
			defaultConfigurationIsVisible = 0;
			defaultConfigurationName = Release;
		};
		1ECA052E2654620800DD1DE5 /* Build configuration list for PBXNativeTarget "RestaurantMenu" */ = {
			isa = XCConfigurationList;
			buildConfigurations = (
				1ECA052F2654620800DD1DE5 /* Debug */,
				1ECA05302654620800DD1DE5 /* Release */,
			);
			defaultConfigurationIsVisible = 0;
			defaultConfigurationName = Release;
		};
		1ECA05312654620800DD1DE5 /* Build configuration list for PBXNativeTarget "RestaurantMenuTests" */ = {
			isa = XCConfigurationList;
			buildConfigurations = (
				1ECA05322654620800DD1DE5 /* Debug */,
				1ECA05332654620800DD1DE5 /* Release */,
			);
			defaultConfigurationIsVisible = 0;
			defaultConfigurationName = Release;
		};
		1ECA05342654620800DD1DE5 /* Build configuration list for PBXNativeTarget "RestaurantMenuUITests" */ = {
			isa = XCConfigurationList;
			buildConfigurations = (
				1ECA05352654620800DD1DE5 /* Debug */,
				1ECA05362654620800DD1DE5 /* Release */,
			);
			defaultConfigurationIsVisible = 0;
			defaultConfigurationName = Release;
		};
/* End XCConfigurationList section */
	};
	rootObject = 1ECA04FC2654620500DD1DE5 /* Project object */;
}
